
Microsoft Visual Studio Solution File, Format Version 12.00
# Visual Studio Version 17
VisualStudioVersion = 17.9.34622.214
MinimumVisualStudioVersion = 10.0.40219.1
Project("{FAE04EC0-301F-11D3-BF4B-00C04F79EFBC}") = "OnlineShop", "OnlineShop\OnlineShop.csproj", "{21E97F87-644D-4100-9D3F-D46D9A48C605}"
EndProject
Global
	GlobalSection(SolutionConfigurationPlatforms) = preSolution
		Debug|Any CPU = Debug|Any CPU
		Release|Any CPU = Release|Any CPU
	EndGlobalSection
	GlobalSection(ProjectConfigurationPlatforms) = postSolution
		{21E97F87-644D-4100-9D3F-D46D9A48C605}.Debug|Any CPU.ActiveCfg = Debug|Any CPU
		{21E97F87-644D-4100-9D3F-D46D9A48C605}.Debug|Any CPU.Build.0 = Debug|Any CPU
		{21E97F87-644D-4100-9D3F-D46D9A48C605}.Release|Any CPU.ActiveCfg = Release|Any CPU
		{21E97F87-644D-4100-9D3F-D46D9A48C605}.Release|Any CPU.Build.0 = Release|Any CPU
	EndGlobalSection
	GlobalSection(SolutionProperties) = preSolution
		HideSolutionNode = FALSE
	EndGlobalSection
	GlobalSection(ExtensibilityGlobals) = postSolution
		SolutionGuid = {DE82067B-D4DB-43E4-A79C-17C5E2EB5A25}
	EndGlobalSection
EndGlobal
